// !$*UTF8*$!
{
	archiveVersion = 1;
	classes = {
	};
	objectVersion = 55;
	objects = {

/* Begin PBXBuildFile section */
		11B2ABAC2811E0F6000450E3 /* newsApI_TutorialApp.swift in Sources */ = {isa = PBXBuildFile; fileRef = 11B2ABAB2811E0F6000450E3 /* newsApI_TutorialApp.swift */; };
		11B2ABB02811E0FC000450E3 /* Assets.xcassets in Resources */ = {isa = PBXBuildFile; fileRef = 11B2ABAF2811E0FC000450E3 /* Assets.xcassets */; };
		11B2ABB32811E0FC000450E3 /* Preview Assets.xcassets in Resources */ = {isa = PBXBuildFile; fileRef = 11B2ABB22811E0FC000450E3 /* Preview Assets.xcassets */; };
		11B2ABBF2811E2AC000450E3 /* MainModel.swift in Sources */ = {isa = PBXBuildFile; fileRef = 11B2ABBE2811E2AC000450E3 /* MainModel.swift */; };
		11B2ABC12811E2F5000450E3 /* Article.swift in Sources */ = {isa = PBXBuildFile; fileRef = 11B2ABC02811E2F5000450E3 /* Article.swift */; };
		11B2ABC32811E368000450E3 /* Source.swift in Sources */ = {isa = PBXBuildFile; fileRef = 11B2ABC22811E368000450E3 /* Source.swift */; };
		11B2ABC82811E46F000450E3 /* Constants.swift in Sources */ = {isa = PBXBuildFile; fileRef = 11B2ABC72811E46F000450E3 /* Constants.swift */; };
		11B2ABCA2811E64D000450E3 /* Network.swift in Sources */ = {isa = PBXBuildFile; fileRef = 11B2ABC92811E64D000450E3 /* Network.swift */; };
		11B2ABCF2811EC31000450E3 /* HomePageViewModel.swift in Sources */ = {isa = PBXBuildFile; fileRef = 11B2ABCE2811EC31000450E3 /* HomePageViewModel.swift */; };
		11CF3C9D2811F19D003495EF /* Kingfisher in Frameworks */ = {isa = PBXBuildFile; productRef = 11CF3C9C2811F19D003495EF /* Kingfisher */; };
		11CF3CA02811F244003495EF /* NewsCell.swift in Sources */ = {isa = PBXBuildFile; fileRef = 11CF3C9F2811F244003495EF /* NewsCell.swift */; };
		11CF3CA22811F376003495EF /* HomePage.swift in Sources */ = {isa = PBXBuildFile; fileRef = 11CF3CA12811F376003495EF /* HomePage.swift */; };
/* End PBXBuildFile section */

/* Begin PBXFileReference section */
		11B2ABA82811E0F6000450E3 /* newsApİTutorial.app */ = {isa = PBXFileReference; explicitFileType = wrapper.application; includeInIndex = 0; path = "newsApİTutorial.app"; sourceTree = BUILT_PRODUCTS_DIR; };
		11B2ABAB2811E0F6000450E3 /* newsApI_TutorialApp.swift */ = {isa = PBXFileReference; lastKnownFileType = sourcecode.swift; path = newsApI_TutorialApp.swift; sourceTree = "<group>"; };
		11B2ABAF2811E0FC000450E3 /* Assets.xcassets */ = {isa = PBXFileReference; lastKnownFileType = folder.assetcatalog; path = Assets.xcassets; sourceTree = "<group>"; };
		11B2ABB22811E0FC000450E3 /* Preview Assets.xcassets */ = {isa = PBXFileReference; lastKnownFileType = folder.assetcatalog; path = "Preview Assets.xcassets"; sourceTree = "<group>"; };
		11B2ABBE2811E2AC000450E3 /* MainModel.swift */ = {isa = PBXFileReference; lastKnownFileType = sourcecode.swift; path = MainModel.swift; sourceTree = "<group>"; };
		11B2ABC02811E2F5000450E3 /* Article.swift */ = {isa = PBXFileReference; lastKnownFileType = sourcecode.swift; path = Article.swift; sourceTree = "<group>"; };
		11B2ABC22811E368000450E3 /* Source.swift */ = {isa = PBXFileReference; lastKnownFileType = sourcecode.swift; path = Source.swift; sourceTree = "<group>"; };
		11B2ABC72811E46F000450E3 /* Constants.swift */ = {isa = PBXFileReference; lastKnownFileType = sourcecode.swift; path = Constants.swift; sourceTree = "<group>"; };
		11B2ABC92811E64D000450E3 /* Network.swift */ = {isa = PBXFileReference; lastKnownFileType = sourcecode.swift; path = Network.swift; sourceTree = "<group>"; };
		11B2ABCE2811EC31000450E3 /* HomePageViewModel.swift */ = {isa = PBXFileReference; lastKnownFileType = sourcecode.swift; path = HomePageViewModel.swift; sourceTree = "<group>"; };
		11CF3C9F2811F244003495EF /* NewsCell.swift */ = {isa = PBXFileReference; lastKnownFileType = sourcecode.swift; path = NewsCell.swift; sourceTree = "<group>"; };
		11CF3CA12811F376003495EF /* HomePage.swift */ = {isa = PBXFileReference; lastKnownFileType = sourcecode.swift; path = HomePage.swift; sourceTree = "<group>"; };
/* End PBXFileReference section */

/* Begin PBXFrameworksBuildPhase section */
		11B2ABA52811E0F6000450E3 /* Frameworks */ = {
			isa = PBXFrameworksBuildPhase;
			buildActionMask = 2147483647;
			files = (
				11CF3C9D2811F19D003495EF /* Kingfisher in Frameworks */,
			);
			runOnlyForDeploymentPostprocessing = 0;
		};
/* End PBXFrameworksBuildPhase section */

/* Begin PBXGroup section */
		11B2AB9F2811E0F6000450E3 = {
			isa = PBXGroup;
			children = (
				11B2ABAA2811E0F6000450E3 /* newsApİTutorial */,
				11B2ABA92811E0F6000450E3 /* Products */,
			);
			sourceTree = "<group>";
		};
		11B2ABA92811E0F6000450E3 /* Products */ = {
			isa = PBXGroup;
			children = (
				11B2ABA82811E0F6000450E3 /* newsApİTutorial.app */,
			);
			name = Products;
			sourceTree = "<group>";
		};
		11B2ABAA2811E0F6000450E3 /* newsApİTutorial */ = {
			isa = PBXGroup;
			children = (
				11B2ABC42811E433000450E3 /* Utilities */,
				11B2ABBD2811E26F000450E3 /* Network */,
				11B2ABBB2811E23E000450E3 /* Model */,
				11B2ABBA2811E1F0000450E3 /* NewsApiAppFile */,
				11B2ABB92811E1A1000450E3 /* Scene */,
				11B2ABBC2811E25D000450E3 /* Assets */,
				11B2ABB12811E0FC000450E3 /* Preview Content */,
			);
			path = "newsApİTutorial";
			sourceTree = "<group>";
		};
		11B2ABB12811E0FC000450E3 /* Preview Content */ = {
			isa = PBXGroup;
			children = (
				11B2ABB22811E0FC000450E3 /* Preview Assets.xcassets */,
			);
			path = "Preview Content";
			sourceTree = "<group>";
		};
		11B2ABB92811E1A1000450E3 /* Scene */ = {
			isa = PBXGroup;
			children = (
				11B2ABCB2811EB2D000450E3 /* HomePage */,
			);
			path = Scene;
			sourceTree = "<group>";
		};
		11B2ABBA2811E1F0000450E3 /* NewsApiAppFile */ = {
			isa = PBXGroup;
			children = (
				11B2ABAB2811E0F6000450E3 /* newsApI_TutorialApp.swift */,
			);
			path = NewsApiAppFile;
			sourceTree = "<group>";
		};
		11B2ABBB2811E23E000450E3 /* Model */ = {
			isa = PBXGroup;
			children = (
				11B2ABBE2811E2AC000450E3 /* MainModel.swift */,
				11B2ABC02811E2F5000450E3 /* Article.swift */,
				11B2ABC22811E368000450E3 /* Source.swift */,
			);
			path = Model;
			sourceTree = "<group>";
		};
		11B2ABBC2811E25D000450E3 /* Assets */ = {
			isa = PBXGroup;
			children = (
				11B2ABAF2811E0FC000450E3 /* Assets.xcassets */,
			);
			path = Assets;
			sourceTree = "<group>";
		};
		11B2ABBD2811E26F000450E3 /* Network */ = {
			isa = PBXGroup;
			children = (
				11B2ABC92811E64D000450E3 /* Network.swift */,
			);
			path = Network;
			sourceTree = "<group>";
		};
		11B2ABC42811E433000450E3 /* Utilities */ = {
			isa = PBXGroup;
			children = (
				11B2ABC62811E45B000450E3 /* Constants */,
				11B2ABC52811E44C000450E3 /* Extensions */,
			);
			path = Utilities;
			sourceTree = "<group>";
		};
		11B2ABC52811E44C000450E3 /* Extensions */ = {
			isa = PBXGroup;
			children = (
			);
			path = Extensions;
			sourceTree = "<group>";
		};
		11B2ABC62811E45B000450E3 /* Constants */ = {
			isa = PBXGroup;
			children = (
				11B2ABC72811E46F000450E3 /* Constants.swift */,
			);
			path = Constants;
			sourceTree = "<group>";
		};
		11B2ABCB2811EB2D000450E3 /* HomePage */ = {
			isa = PBXGroup;
			children = (
				11B2ABCD2811EBD2000450E3 /* ViewModel */,
				11B2ABCC2811EB8B000450E3 /* View */,
			);
			path = HomePage;
			sourceTree = "<group>";
		};
		11B2ABCC2811EB8B000450E3 /* View */ = {
			isa = PBXGroup;
			children = (
				11CF3CA12811F376003495EF /* HomePage.swift */,
				11CF3C9E2811F222003495EF /* CommonView */,
			);
			path = View;
			sourceTree = "<group>";
		};
		11B2ABCD2811EBD2000450E3 /* ViewModel */ = {
			isa = PBXGroup;
			children = (
				11B2ABCE2811EC31000450E3 /* HomePageViewModel.swift */,
			);
			path = ViewModel;
			sourceTree = "<group>";
		};
		11CF3C9E2811F222003495EF /* CommonView */ = {
			isa = PBXGroup;
			children = (
				11CF3C9F2811F244003495EF /* NewsCell.swift */,
			);
			path = CommonView;
			sourceTree = "<group>";
		};
/* End PBXGroup section */

/* Begin PBXNativeTarget section */
		11B2ABA72811E0F6000450E3 /* newsApİTutorial */ = {
			isa = PBXNativeTarget;
			buildConfigurationList = 11B2ABB62811E0FC000450E3 /* Build configuration list for PBXNativeTarget "newsApİTutorial" */;
			buildPhases = (
				11B2ABA42811E0F6000450E3 /* Sources */,
				11B2ABA52811E0F6000450E3 /* Frameworks */,
				11B2ABA62811E0F6000450E3 /* Resources */,
			);
			buildRules = (
			);
			dependencies = (
			);
			name = "newsApİTutorial";
			packageProductDependencies = (
				11CF3C9C2811F19D003495EF /* Kingfisher */,
			);
			productName = "newsApİTutorial";
			productReference = 11B2ABA82811E0F6000450E3 /* newsApİTutorial.app */;
			productType = "com.apple.product-type.application";
		};
/* End PBXNativeTarget section */

/* Begin PBXProject section */
		11B2ABA02811E0F6000450E3 /* Project object */ = {
			isa = PBXProject;
			attributes = {
				BuildIndependentTargetsInParallel = 1;
				LastSwiftUpdateCheck = 1330;
				LastUpgradeCheck = 1330;
				TargetAttributes = {
					11B2ABA72811E0F6000450E3 = {
						CreatedOnToolsVersion = 13.3.1;
					};
				};
			};
			buildConfigurationList = 11B2ABA32811E0F6000450E3 /* Build configuration list for PBXProject "newsApİTutorial" */;
			compatibilityVersion = "Xcode 13.0";
			developmentRegion = en;
			hasScannedForEncodings = 0;
			knownRegions = (
				en,
				Base,
			);
			mainGroup = 11B2AB9F2811E0F6000450E3;
			packageReferences = (
				11CF3C9B2811F19D003495EF /* XCRemoteSwiftPackageReference "Kingfisher" */,
			);
			productRefGroup = 11B2ABA92811E0F6000450E3 /* Products */;
			projectDirPath = "";
			projectRoot = "";
			targets = (
				11B2ABA72811E0F6000450E3 /* newsApİTutorial */,
			);
		};
/* End PBXProject section */

/* Begin PBXResourcesBuildPhase section */
		11B2ABA62811E0F6000450E3 /* Resources */ = {
			isa = PBXResourcesBuildPhase;
			buildActionMask = 2147483647;
			files = (
				11B2ABB32811E0FC000450E3 /* Preview Assets.xcassets in Resources */,
				11B2ABB02811E0FC000450E3 /* Assets.xcassets in Resources */,
			);
			runOnlyForDeploymentPostprocessing = 0;
		};
/* End PBXResourcesBuildPhase section */

/* Begin PBXSourcesBuildPhase section */
		11B2ABA42811E0F6000450E3 /* Sources */ = {
			isa = PBXSourcesBuildPhase;
			buildActionMask = 2147483647;
			files = (
				11B2ABC12811E2F5000450E3 /* Article.swift in Sources */,
				11CF3CA02811F244003495EF /* NewsCell.swift in Sources */,
				11B2ABAC2811E0F6000450E3 /* newsApI_TutorialApp.swift in Sources */,
				11B2ABC32811E368000450E3 /* Source.swift in Sources */,
				11B2ABCF2811EC31000450E3 /* HomePageViewModel.swift in Sources */,
				11CF3CA22811F376003495EF /* HomePage.swift in Sources */,
				11B2ABBF2811E2AC000450E3 /* MainModel.swift in Sources */,
				11B2ABCA2811E64D000450E3 /* Network.swift in Sources */,
				11B2ABC82811E46F000450E3 /* Constants.swift in Sources */,
			);
			runOnlyForDeploymentPostprocessing = 0;
		};
/* End PBXSourcesBuildPhase section */

/* Begin XCBuildConfiguration section */
		11B2ABB42811E0FC000450E3 /* Debug */ = {
			isa = XCBuildConfiguration;
			buildSettings = {
				ALWAYS_SEARCH_USER_PATHS = NO;
				CLANG_ANALYZER_NONNULL = YES;
				CLANG_ANALYZER_NUMBER_OBJECT_CONVERSION = YES_AGGRESSIVE;
				CLANG_CXX_LANGUAGE_STANDARD = "gnu++17";
				CLANG_ENABLE_MODULES = YES;
				CLANG_ENABLE_OBJC_ARC = YES;
				CLANG_ENABLE_OBJC_WEAK = YES;
				CLANG_WARN_BLOCK_CAPTURE_AUTORELEASING = YES;
				CLANG_WARN_BOOL_CONVERSION = YES;
				CLANG_WARN_COMMA = YES;
				CLANG_WARN_CONSTANT_CONVERSION = YES;
				CLANG_WARN_DEPRECATED_OBJC_IMPLEMENTATIONS = YES;
				CLANG_WARN_DIRECT_OBJC_ISA_USAGE = YES_ERROR;
				CLANG_WARN_DOCUMENTATION_COMMENTS = YES;
				CLANG_WARN_EMPTY_BODY = YES;
				CLANG_WARN_ENUM_CONVERSION = YES;
				CLANG_WARN_INFINITE_RECURSION = YES;
				CLANG_WARN_INT_CONVERSION = YES;
				CLANG_WARN_NON_LITERAL_NULL_CONVERSION = YES;
				CLANG_WARN_OBJC_IMPLICIT_RETAIN_SELF = YES;
				CLANG_WARN_OBJC_LITERAL_CONVERSION = YES;
				CLANG_WARN_OBJC_ROOT_CLASS = YES_ERROR;
				CLANG_WARN_QUOTED_INCLUDE_IN_FRAMEWORK_HEADER = YES;
				CLANG_WARN_RANGE_LOOP_ANALYSIS = YES;
				CLANG_WARN_STRICT_PROTOTYPES = YES;
				CLANG_WARN_SUSPICIOUS_MOVE = YES;
				CLANG_WARN_UNGUARDED_AVAILABILITY = YES_AGGRESSIVE;
				CLANG_WARN_UNREACHABLE_CODE = YES;
				CLANG_WARN__DUPLICATE_METHOD_MATCH = YES;
				COPY_PHASE_STRIP = NO;
				DEBUG_INFORMATION_FORMAT = dwarf;
				ENABLE_STRICT_OBJC_MSGSEND = YES;
				ENABLE_TESTABILITY = YES;
				GCC_C_LANGUAGE_STANDARD = gnu11;
				GCC_DYNAMIC_NO_PIC = NO;
				GCC_NO_COMMON_BLOCKS = YES;
				GCC_OPTIMIZATION_LEVEL = 0;
				GCC_PREPROCESSOR_DEFINITIONS = (
					"DEBUG=1",
					"$(inherited)",
				);
				GCC_WARN_64_TO_32_BIT_CONVERSION = YES;
				GCC_WARN_ABOUT_RETURN_TYPE = YES_ERROR;
				GCC_WARN_UNDECLARED_SELECTOR = YES;
				GCC_WARN_UNINITIALIZED_AUTOS = YES_AGGRESSIVE;
				GCC_WARN_UNUSED_FUNCTION = YES;
				GCC_WARN_UNUSED_VARIABLE = YES;
				IPHONEOS_DEPLOYMENT_TARGET = 15.4;
				MTL_ENABLE_DEBUG_INFO = INCLUDE_SOURCE;
				MTL_FAST_MATH = YES;
				ONLY_ACTIVE_ARCH = YES;
				SDKROOT = iphoneos;
				SWIFT_ACTIVE_COMPILATION_CONDITIONS = DEBUG;
				SWIFT_OPTIMIZATION_LEVEL = "-Onone";
			};
			name = Debug;
		};
		11B2ABB52811E0FC000450E3 /* Release */ = {
			isa = XCBuildConfiguration;
			buildSettings = {
				ALWAYS_SEARCH_USER_PATHS = NO;
				CLANG_ANALYZER_NONNULL = YES;
				CLANG_ANALYZER_NUMBER_OBJECT_CONVERSION = YES_AGGRESSIVE;
				CLANG_CXX_LANGUAGE_STANDARD = "gnu++17";
				CLANG_ENABLE_MODULES = YES;
				CLANG_ENABLE_OBJC_ARC = YES;
				CLANG_ENABLE_OBJC_WEAK = YES;
				CLANG_WARN_BLOCK_CAPTURE_AUTORELEASING = YES;
				CLANG_WARN_BOOL_CONVERSION = YES;
				CLANG_WARN_COMMA = YES;
				CLANG_WARN_CONSTANT_CONVERSION = YES;
				CLANG_WARN_DEPRECATED_OBJC_IMPLEMENTATIONS = YES;
				CLANG_WARN_DIRECT_OBJC_ISA_USAGE = YES_ERROR;
				CLANG_WARN_DOCUMENTATION_COMMENTS = YES;
				CLANG_WARN_EMPTY_BODY = YES;
				CLANG_WARN_ENUM_CONVERSION = YES;
				CLANG_WARN_INFINITE_RECURSION = YES;
				CLANG_WARN_INT_CONVERSION = YES;
				CLANG_WARN_NON_LITERAL_NULL_CONVERSION = YES;
				CLANG_WARN_OBJC_IMPLICIT_RETAIN_SELF = YES;
				CLANG_WARN_OBJC_LITERAL_CONVERSION = YES;
				CLANG_WARN_OBJC_ROOT_CLASS = YES_ERROR;
				CLANG_WARN_QUOTED_INCLUDE_IN_FRAMEWORK_HEADER = YES;
				CLANG_WARN_RANGE_LOOP_ANALYSIS = YES;
				CLANG_WARN_STRICT_PROTOTYPES = YES;
				CLANG_WARN_SUSPICIOUS_MOVE = YES;
				CLANG_WARN_UNGUARDED_AVAILABILITY = YES_AGGRESSIVE;
				CLANG_WARN_UNREACHABLE_CODE = YES;
				CLANG_WARN__DUPLICATE_METHOD_MATCH = YES;
				COPY_PHASE_STRIP = NO;
				DEBUG_INFORMATION_FORMAT = "dwarf-with-dsym";
				ENABLE_NS_ASSERTIONS = NO;
				ENABLE_STRICT_OBJC_MSGSEND = YES;
				GCC_C_LANGUAGE_STANDARD = gnu11;
				GCC_NO_COMMON_BLOCKS = YES;
				GCC_WARN_64_TO_32_BIT_CONVERSION = YES;
				GCC_WARN_ABOUT_RETURN_TYPE = YES_ERROR;
				GCC_WARN_UNDECLARED_SELECTOR = YES;
				GCC_WARN_UNINITIALIZED_AUTOS = YES_AGGRESSIVE;
				GCC_WARN_UNUSED_FUNCTION = YES;
				GCC_WARN_UNUSED_VARIABLE = YES;
				IPHONEOS_DEPLOYMENT_TARGET = 15.4;
				MTL_ENABLE_DEBUG_INFO = NO;
				MTL_FAST_MATH = YES;
				SDKROOT = iphoneos;
				SWIFT_COMPILATION_MODE = wholemodule;
				SWIFT_OPTIMIZATION_LEVEL = "-O";
				VALIDATE_PRODUCT = YES;
			};
			name = Release;
		};
		11B2ABB72811E0FC000450E3 /* Debug */ = {
			isa = XCBuildConfiguration;
			buildSettings = {
				ASSETCATALOG_COMPILER_APPICON_NAME = AppIcon;
				ASSETCATALOG_COMPILER_GLOBAL_ACCENT_COLOR_NAME = AccentColor;
				CODE_SIGN_STYLE = Automatic;
				CURRENT_PROJECT_VERSION = 1;
				DEVELOPMENT_ASSET_PATHS = "\"newsApİTutorial/Preview Content\"";
				ENABLE_PREVIEWS = YES;
				GENERATE_INFOPLIST_FILE = YES;
				INFOPLIST_KEY_UIApplicationSceneManifest_Generation = YES;
				INFOPLIST_KEY_UIApplicationSupportsIndirectInputEvents = YES;
				INFOPLIST_KEY_UILaunchScreen_Generation = YES;
				INFOPLIST_KEY_UISupportedInterfaceOrientations_iPad = "UIInterfaceOrientationPortrait UIInterfaceOrientationPortraitUpsideDown UIInterfaceOrientationLandscapeLeft UIInterfaceOrientationLandscapeRight";
				INFOPLIST_KEY_UISupportedInterfaceOrientations_iPhone = "UIInterfaceOrientationPortrait UIInterfaceOrientationLandscapeLeft UIInterfaceOrientationLandscapeRight";
				LD_RUNPATH_SEARCH_PATHS = (
					"$(inherited)",
					"@executable_path/Frameworks",
				);
				MARKETING_VERSION = 1.0;
				PRODUCT_BUNDLE_IDENTIFIER = "com.selincaglar.newsApI-Tutorial";
				PRODUCT_NAME = "$(TARGET_NAME)";
				SWIFT_EMIT_LOC_STRINGS = YES;
				SWIFT_VERSION = 5.0;
				TARGETED_DEVICE_FAMILY = "1,2";
			};
			name = Debug;
		};
		11B2ABB82811E0FC000450E3 /* Release */ = {
			isa = XCBuildConfiguration;
			buildSettings = {
				ASSETCATALOG_COMPILER_APPICON_NAME = AppIcon;
				ASSETCATALOG_COMPILER_GLOBAL_ACCENT_COLOR_NAME = AccentColor;
				CODE_SIGN_STYLE = Automatic;
				CURRENT_PROJECT_VERSION = 1;
				DEVELOPMENT_ASSET_PATHS = "\"newsApİTutorial/Preview Content\"";
				ENABLE_PREVIEWS = YES;
				GENERATE_INFOPLIST_FILE = YES;
				INFOPLIST_KEY_UIApplicationSceneManifest_Generation = YES;
				INFOPLIST_KEY_UIApplicationSupportsIndirectInputEvents = YES;
				INFOPLIST_KEY_UILaunchScreen_Generation = YES;
				INFOPLIST_KEY_UISupportedInterfaceOrientations_iPad = "UIInterfaceOrientationPortrait UIInterfaceOrientationPortraitUpsideDown UIInterfaceOrientationLandscapeLeft UIInterfaceOrientationLandscapeRight";
				INFOPLIST_KEY_UISupportedInterfaceOrientations_iPhone = "UIInterfaceOrientationPortrait UIInterfaceOrientationLandscapeLeft UIInterfaceOrientationLandscapeRight";
				LD_RUNPATH_SEARCH_PATHS = (
					"$(inherited)",
					"@executable_path/Frameworks",
				);
				MARKETING_VERSION = 1.0;
				PRODUCT_BUNDLE_IDENTIFIER = "com.selincaglar.newsApI-Tutorial";
				PRODUCT_NAME = "$(TARGET_NAME)";
				SWIFT_EMIT_LOC_STRINGS = YES;
				SWIFT_VERSION = 5.0;
				TARGETED_DEVICE_FAMILY = "1,2";
			};
			name = Release;
		};
/* End XCBuildConfiguration section */

/* Begin XCConfigurationList section */
		11B2ABA32811E0F6000450E3 /* Build configuration list for PBXProject "newsApİTutorial" */ = {
			isa = XCConfigurationList;
			buildConfigurations = (
				11B2ABB42811E0FC000450E3 /* Debug */,
				11B2ABB52811E0FC000450E3 /* Release */,
			);
			defaultConfigurationIsVisible = 0;
			defaultConfigurationName = Release;
		};
		11B2ABB62811E0FC000450E3 /* Build configuration list for PBXNativeTarget "newsApİTutorial" */ = {
			isa = XCConfigurationList;
			buildConfigurations = (
				11B2ABB72811E0FC000450E3 /* Debug */,
				11B2ABB82811E0FC000450E3 /* Release */,
			);
			defaultConfigurationIsVisible = 0;
			defaultConfigurationName = Release;
		};
/* End XCConfigurationList section */

/* Begin XCRemoteSwiftPackageReference section */
		11CF3C9B2811F19D003495EF /* XCRemoteSwiftPackageReference "Kingfisher" */ = {
			isa = XCRemoteSwiftPackageReference;
			repositoryURL = "https://github.com/onevcat/Kingfisher.git";
			requirement = {
				kind = upToNextMajorVersion;
				minimumVersion = 7.0.0;
			};
		};
/* End XCRemoteSwiftPackageReference section */

/* Begin XCSwiftPackageProductDependency section */
		11CF3C9C2811F19D003495EF /* Kingfisher */ = {
			isa = XCSwiftPackageProductDependency;
			package = 11CF3C9B2811F19D003495EF /* XCRemoteSwiftPackageReference "Kingfisher" */;
			productName = Kingfisher;
		};
/* End XCSwiftPackageProductDependency section */
	};
	rootObject = 11B2ABA02811E0F6000450E3 /* Project object */;
}
